{
  "name": "@zwge/ziwei-chart",
  "version": "0.1.0",
  "lockfileVersion": 3,
  "requires": true,
  "packages": {
    "": {
      "name": "@zwge/ziwei-chart",
      "version": "0.1.0",
      "license": "MIT",
      "dependencies": {
        "iztro": "^2.6.0",
        "lunar-lite": "^0.2.8"
      },
      "bin": {
        "ziwei-chart": "ziwei_chart.js"
      },
      "engines": {
        "node": ">=16"
      }
    },
    "node_modules/@babel/runtime": {
      "version": "7.29.7",
      "resolved": "https://registry.npmmirror.com/@babel/runtime/-/runtime-7.29.7.tgz",
      "integrity": "sha512-Nq8OhGWiZIZGV6hLHoyAKLLcJihP/xFeBMGJoUrxTX2psI8dCifzLhZISFb+VWS3wFMRDmCGw5R+dOySCqPLhw==",
      "engines": {
        "node": ">=6.9.0"
      }
    },
    "node_modules/dayjs": {
      "version": "1.11.23",
      "resolved": "https://registry.npmmirror.com/dayjs/-/dayjs-1.11.23.tgz",
      "integrity": "sha512-QDTCU0M0MxR3hQfnlDJfwekQiaanm1ubOD231u73WBckQ/fsamwRLiE2GBz6D3a/xF1NgfiDLJjXBa1hYOYTtQ=="
    },
    "node_modules/i18next": {
      "version": "23.16.8",
      "resolved": "https://registry.npmmirror.com/i18next/-/i18next-23.16.8.tgz",
      "integrity": "sha512-06r/TitrM88Mg5FdUXAKL96dJMzgqLE5dv3ryBAra4KCwD9mJ4ndOTS95ZuymIGoE+2hzfdaMak2X11/es7ZWg==",
      "funding": [
        {
          "type": "individual",
          "url": "https://locize.com"
        },
        {
          "type": "individual",
          "url": "https://locize.com/i18next.html"
        },
        {
          "type": "individual",
          "url": "https://www.i18next.com/how-to/faq#i18next-is-awesome.-how-can-i-support-the-project"
        }
      ],
      "dependencies": {
        "@babel/runtime": "^7.23.2"
      }
    },
    "node_modules/iztro": {
      "version": "2.6.0",
      "resolved": "https://registry.npmmirror.com/iztro/-/iztro-2.6.0.tgz",
      "integrity": "sha512-0zN7j+z2UX642yEbraFNILRU+hA5hl1SdTHvyopq0CK68hS1wSxL2zLkStCh6EeEwR+NO0j18amDmpB6bwortg==",
      "dependencies": {
        "dayjs": "^1.11.10",
        "i18next": "^23.5.1",
        "lunar-lite": "^0.2.8",
        "lunar-typescript": "^1.7.8"
      }
    },
    "node_modules/lunar-lite": {
      "version": "0.2.8",
      "resolved": "https://registry.npmmirror.com/lunar-lite/-/lunar-lite-0.2.8.tgz",
      "integrity": "sha512-Y4tba4RaIFI0ikImJhgoEsyqtDE64lJIM3yFwRX01dbmagCDq7rNmpDQFrSFFy4WXeuywdRVFpIBoT1GGCEizw==",
      "dependencies": {
        "lunar-typescript": "^1.8.6"
      }
    },
    "node_modules/lunar-typescript": {
      "version": "1.8.6",
      "resolved": "https://registry.npmmirror.com/lunar-typescript/-/lunar-typescript-1.8.6.tgz",
      "integrity": "sha512-5Eo4T/cnuXfrgO4k5LCpOGHIUOuz5hCF/IfNv0T29WY2shR36Hiz+ecN9WjnUuxUKhql9gbOkPaQoqLFKtPRNA=="
    }
  }
}
